
Microsoft Visual Studio Solution File, Format Version 12.00
# Visual Studio Version 17
VisualStudioVersion = 17.5.33530.505
MinimumVisualStudioVersion = 10.0.40219.1
Project("{FAE04EC0-301F-11D3-BF4B-00C04F79EFBC}") = "BulkyWeb", "BulkyWeb\BulkyWeb.csproj", "{891C26C0-ED1A-4E77-B7E7-6228F0FBF064}"
EndProject
Global
	GlobalSection(SolutionConfigurationPlatforms) = preSolution
		Debug|Any CPU = Debug|Any CPU
		Release|Any CPU = Release|Any CPU
	EndGlobalSection
	GlobalSection(ProjectConfigurationPlatforms) = postSolution
		{891C26C0-ED1A-4E77-B7E7-6228F0FBF064}.Debug|Any CPU.ActiveCfg = Debug|Any CPU
		{891C26C0-ED1A-4E77-B7E7-6228F0FBF064}.Debug|Any CPU.Build.0 = Debug|Any CPU
		{891C26C0-ED1A-4E77-B7E7-6228F0FBF064}.Release|Any CPU.ActiveCfg = Release|Any CPU
		{891C26C0-ED1A-4E77-B7E7-6228F0FBF064}.Release|Any CPU.Build.0 = Release|Any CPU
	EndGlobalSection
	GlobalSection(SolutionProperties) = preSolution
		HideSolutionNode = FALSE
	EndGlobalSection
	GlobalSection(ExtensibilityGlobals) = postSolution
		SolutionGuid = {A9B87918-DBB1-46CC-BB88-FE51E5FBB78C}
	EndGlobalSection
EndGlobal
